
Microsoft Visual Studio Solution File, Format Version 12.00
# Visual Studio Version 16
VisualStudioVersion = 16.0.30523.141
MinimumVisualStudioVersion = 10.0.40219.1
Project("{888888A0-9F3D-457C-B088-3A5042F75D52}") = "DenoiseImageUsingScikitImage", "DenoiseImageUsingScikitImage\DenoiseImageUsingScikitImage.pyproj", "{C8E76F6A-F9F6-474D-841B-FD7F6C7CCEA1}"
EndProject
Global
	GlobalSection(SolutionConfigurationPlatforms) = preSolution
		Debug|Any CPU = Debug|Any CPU
		Release|Any CPU = Release|Any CPU
	EndGlobalSection
	GlobalSection(ProjectConfigurationPlatforms) = postSolution
		{C8E76F6A-F9F6-474D-841B-FD7F6C7CCEA1}.Debug|Any CPU.ActiveCfg = Debug|Any CPU
		{C8E76F6A-F9F6-474D-841B-FD7F6C7CCEA1}.Release|Any CPU.ActiveCfg = Release|Any CPU
	EndGlobalSection
	GlobalSection(SolutionProperties) = preSolution
		HideSolutionNode = FALSE
	EndGlobalSection
	GlobalSection(ExtensibilityGlobals) = postSolution
		SolutionGuid = {493E6CE3-6392-42BB-9AED-87182EB292A5}
	EndGlobalSection
EndGlobal
